
Microsoft Visual Studio Solution File, Format Version 12.00
# Visual Studio Version 16
VisualStudioVersion = 16.0.29215.179
MinimumVisualStudioVersion = 10.0.40219.1
Project("{9A19103F-16F7-4668-BE54-9A1E7A4F7556}") = "Ordering", "Ordering\Ordering.csproj", "{590E1FC5-EB36-411B-840D-3E15551CCC31}"
EndProject
Project("{9A19103F-16F7-4668-BE54-9A1E7A4F7556}") = "Ordering.Events", "Ordering.Events\Ordering.Events.csproj", "{C9F23369-F9A7-4E74-B14A-23DDE6AD4E54}"
EndProject
Global
	GlobalSection(SolutionConfigurationPlatforms) = preSolution
		Debug|Any CPU = Debug|Any CPU
		Release|Any CPU = Release|Any CPU
	EndGlobalSection
	GlobalSection(ProjectConfigurationPlatforms) = postSolution
		{590E1FC5-EB36-411B-840D-3E15551CCC31}.Debug|Any CPU.ActiveCfg = Debug|Any CPU
		{590E1FC5-EB36-411B-840D-3E15551CCC31}.Debug|Any CPU.Build.0 = Debug|Any CPU
		{590E1FC5-EB36-411B-840D-3E15551CCC31}.Release|Any CPU.ActiveCfg = Release|Any CPU
		{590E1FC5-EB36-411B-840D-3E15551CCC31}.Release|Any CPU.Build.0 = Release|Any CPU
		{C9F23369-F9A7-4E74-B14A-23DDE6AD4E54}.Debug|Any CPU.ActiveCfg = Debug|Any CPU
		{C9F23369-F9A7-4E74-B14A-23DDE6AD4E54}.Debug|Any CPU.Build.0 = Debug|Any CPU
		{C9F23369-F9A7-4E74-B14A-23DDE6AD4E54}.Release|Any CPU.ActiveCfg = Release|Any CPU
		{C9F23369-F9A7-4E74-B14A-23DDE6AD4E54}.Release|Any CPU.Build.0 = Release|Any CPU
	EndGlobalSection
	GlobalSection(SolutionProperties) = preSolution
		HideSolutionNode = FALSE
	EndGlobalSection
	GlobalSection(ExtensibilityGlobals) = postSolution
		SolutionGuid = {5F493FAF-FFE2-4FAE-99B1-8E91D1E83719}
	EndGlobalSection
EndGlobal
